{
  "name": "atext",
  "version": "1.0.0",
  "lockfileVersion": 1,
  "requires": true,
  "dependencies": {
    "core-util-is": {
      "version": "1.0.2",
      "resolved": "http://artifactory.eng.qops.net:8081/artifactory/api/npm/npm-virtual/core-util-is/-/core-util-is-1.0.2.tgz",
      "integrity": "sha1-tf1UIgqivFq1eqtxQMlAdUUDwac="
    },
    "immediate": {
      "version": "3.0.6",
      "resolved": "http://artifactory.eng.qops.net:8081/artifactory/api/npm/npm-virtual/immediate/-/immediate-3.0.6.tgz",
      "integrity": "sha1-nbHb0Pr43m++D13V5Wu2BigN5ps="
    },
    "inherits": {
      "version": "2.0.4",
      "resolved": "http://artifactory.eng.qops.net:8081/artifactory/api/npm/npm-virtual/inherits/-/inherits-2.0.4.tgz",
      "integrity": "sha1-D6LGT5MpF8NDOg3tVTY6rjdBa3w="
    },
    "isarray": {
      "version": "1.0.0",
      "resolved": "http://artifactory.eng.qops.net:8081/artifactory/api/npm/npm-virtual/isarray/-/isarray-1.0.0.tgz",
      "integrity": "sha1-u5NdSFgsuhaMBoNJV6VKPgcSTxE="
    },
    "jszip": {
      "version": "3.2.1",
      "resolved": "http://artifactory.eng.qops.net:8081/artifactory/api/npm/npm-virtual/jszip/-/jszip-3.2.1.tgz",
      "integrity": "sha1-xdMt9ydAQigrFX77FuUitDQ14Bo=",
      "requires": {
        "lie": "~3.3.0",
        "pako": "~1.0.2",
        "readable-stream": "~2.3.6",
        "set-immediate-shim": "~1.0.1"
      }
    },
    "lie": {
      "version": "3.3.0",
      "resolved": "http://artifactory.eng.qops.net:8081/artifactory/api/npm/npm-virtual/lie/-/lie-3.3.0.tgz",
      "integrity": "sha1-3Pgt7lRfRgdNryAMfBxaCOD0D2o=",
      "requires": {
        "immediate": "~3.0.5"
      }
    },
    "pako": {
      "version": "1.0.10",
      "resolved": "http://artifactory.eng.qops.net:8081/artifactory/api/npm/npm-virtual/pako/-/pako-1.0.10.tgz",
      "integrity": "sha1-Qyi621CGpCaqkPVBl31JVdpclzI="
    },
    "process-nextick-args": {
      "version": "2.0.1",
      "resolved": "http://artifactory.eng.qops.net:8081/artifactory/api/npm/npm-virtual/process-nextick-args/-/process-nextick-args-2.0.1.tgz",
      "integrity": "sha1-eCDZsWEgzFXKmud5JoCufbptf+I="
    },
    "readable-stream": {
      "version": "2.3.6",
      "resolved": "http://artifactory.eng.qops.net:8081/artifactory/api/npm/npm-virtual/readable-stream/-/readable-stream-2.3.6.tgz",
      "integrity": "sha1-sRwn2IuP8fvgcGQ8+UsMea4bCq8=",
      "requires": {
        "core-util-is": "~1.0.0",
        "inherits": "~2.0.3",
        "isarray": "~1.0.0",
        "process-nextick-args": "~2.0.0",
        "safe-buffer": "~5.1.1",
        "string_decoder": "~1.1.1",
        "util-deprecate": "~1.0.1"
      }
    },
    "safe-buffer": {
      "version": "5.1.2",
      "resolved": "http://artifactory.eng.qops.net:8081/artifactory/api/npm/npm-virtual/safe-buffer/-/safe-buffer-5.1.2.tgz",
      "integrity": "sha1-mR7GnSluAxN0fVm9/St0XDX4go0="
    },
    "set-immediate-shim": {
      "version": "1.0.1",
      "resolved": "http://artifactory.eng.qops.net:8081/artifactory/api/npm/npm-virtual/set-immediate-shim/-/set-immediate-shim-1.0.1.tgz",
      "integrity": "sha1-SysbJ+uAip+NzEgaWOXlb1mfP2E="
    },
    "string_decoder": {
      "version": "1.1.1",
      "resolved": "http://artifactory.eng.qops.net:8081/artifactory/api/npm/npm-virtual/string_decoder/-/string_decoder-1.1.1.tgz",
      "integrity": "sha1-nPFhG6YmhdcDCunkujQUnDrwP8g=",
      "requires": {
        "safe-buffer": "~5.1.0"
      }
    },
    "util-deprecate": {
      "version": "1.0.2",
      "resolved": "http://artifactory.eng.qops.net:8081/artifactory/api/npm/npm-virtual/util-deprecate/-/util-deprecate-1.0.2.tgz",
      "integrity": "sha1-RQ1Nyfpw3nMnYvvS1KKJgUGaDM8="
    },
    "uuid": {
      "version": "3.3.2",
      "resolved": "http://artifactory.eng.qops.net:8081/artifactory/api/npm/npm-virtual/uuid/-/uuid-3.3.2.tgz",
      "integrity": "sha1-G0r0lV6zB3xQHCOHL8ZROBFYcTE="
    }
  }
}
